
Microsoft Visual Studio Solution File, Format Version 12.00
# Visual Studio Version 16
VisualStudioVersion = 16.0.29215.179
MinimumVisualStudioVersion = 10.0.40219.1
Project("{FAE04EC0-301F-11D3-BF4B-00C04F79EFBC}") = "Lab6JosephHarburg", "Lab6JosephHarburg\Lab6JosephHarburg.csproj", "{1C082908-8614-4AA4-A3FE-85948F7DDDCA}"
EndProject
Global
	GlobalSection(SolutionConfigurationPlatforms) = preSolution
		Debug|Any CPU = Debug|Any CPU
		Release|Any CPU = Release|Any CPU
	EndGlobalSection
	GlobalSection(ProjectConfigurationPlatforms) = postSolution
		{1C082908-8614-4AA4-A3FE-85948F7DDDCA}.Debug|Any CPU.ActiveCfg = Debug|Any CPU
		{1C082908-8614-4AA4-A3FE-85948F7DDDCA}.Debug|Any CPU.Build.0 = Debug|Any CPU
		{1C082908-8614-4AA4-A3FE-85948F7DDDCA}.Release|Any CPU.ActiveCfg = Release|Any CPU
		{1C082908-8614-4AA4-A3FE-85948F7DDDCA}.Release|Any CPU.Build.0 = Release|Any CPU
	EndGlobalSection
	GlobalSection(SolutionProperties) = preSolution
		HideSolutionNode = FALSE
	EndGlobalSection
	GlobalSection(ExtensibilityGlobals) = postSolution
		SolutionGuid = {1E595EE2-92E3-45E0-A42D-367FCCBD4444}
	EndGlobalSection
EndGlobal
